
Microsoft Visual Studio Solution File, Format Version 12.00
# Visual Studio Version 17
VisualStudioVersion = 17.8.34511.84
MinimumVisualStudioVersion = 10.0.40219.1
Project("{2150E333-8FDC-42A3-9474-1A3956D46DE8}") = "Solution Items", "Solution Items", "{E019DF05-F973-4840-A4DD-9235345717AF}"
	ProjectSection(SolutionItems) = preProject
		ReadMe.md = ReadMe.md
	EndProjectSection
EndProject
Project("{2150E333-8FDC-42A3-9474-1A3956D46DE8}") = "Single Responsibility Principle", "Single Responsibility Principle", "{335F781F-6877-4764-A04A-FBE1D364929B}"
EndProject
Project("{2150E333-8FDC-42A3-9474-1A3956D46DE8}") = "Open-Closed Principle", "Open-Closed Principle", "{286C798F-BA75-48AD-AD25-178A02DBAF2C}"
EndProject
Project("{2150E333-8FDC-42A3-9474-1A3956D46DE8}") = "Liskov Substitution Principle", "Liskov Substitution Principle", "{E3DCE9DB-D367-4E3E-8F2A-DEC0693D47D4}"
EndProject
Project("{2150E333-8FDC-42A3-9474-1A3956D46DE8}") = "Interfaces Segregation Principle", "Interfaces Segregation Principle", "{19039BAD-9484-4387-8DF5-ECA5E05C9CDB}"
EndProject
Project("{2150E333-8FDC-42A3-9474-1A3956D46DE8}") = "Dependency Inversion Principle", "Dependency Inversion Principle", "{47D46BBC-10CF-4F28-BA85-1C5007C4AF13}"
EndProject
Project("{FAE04EC0-301F-11D3-BF4B-00C04F79EFBC}") = "SRP_Bad", "SRP_Bad\SRP_Bad.csproj", "{7C6C6E8D-15A8-4C79-A081-CE1E1F829D34}"
EndProject
Project("{FAE04EC0-301F-11D3-BF4B-00C04F79EFBC}") = "SRP_NotBad", "SRP_NotBad\SRP_NotBad.csproj", "{17B7CD72-9BFE-479A-BA4F-CB824032DB3F}"
EndProject
Project("{FAE04EC0-301F-11D3-BF4B-00C04F79EFBC}") = "OCP_Bad", "OCP_Bad\OCP_Bad.csproj", "{C645B40D-8E4B-44A6-A78D-66078F1B01BB}"
EndProject
Project("{FAE04EC0-301F-11D3-BF4B-00C04F79EFBC}") = "OCP_NotBad", "OCP_NotBad\OCP_NotBad.csproj", "{30DDC22C-678D-4B47-AE60-DEC43E16F202}"
EndProject
Project("{FAE04EC0-301F-11D3-BF4B-00C04F79EFBC}") = "LSP_Bad", "LSP_Bad\LSP_Bad.csproj", "{AD9502C3-8778-400B-A4B4-19AB69E1BA66}"
EndProject
Project("{FAE04EC0-301F-11D3-BF4B-00C04F79EFBC}") = "LSP_NotBad", "LSP_NotBad\LSP_NotBad.csproj", "{65346AB1-14E8-496C-810A-757D8BDCF86C}"
EndProject
Project("{FAE04EC0-301F-11D3-BF4B-00C04F79EFBC}") = "ISP_Bad", "ISP_Bad\ISP_Bad.csproj", "{DDBF687D-29C1-4636-84FE-D90F40F60684}"
EndProject
Project("{FAE04EC0-301F-11D3-BF4B-00C04F79EFBC}") = "ISP_NotBad", "ISP_NotBad\ISP_NotBad.csproj", "{485722E5-FC8C-4A8C-B21F-43D8EF98487D}"
EndProject
Project("{FAE04EC0-301F-11D3-BF4B-00C04F79EFBC}") = "DIP_Bad", "DIP_Bad\DIP_Bad.csproj", "{59E18125-1550-4D43-BA7D-75C4928FAB66}"
EndProject
Project("{FAE04EC0-301F-11D3-BF4B-00C04F79EFBC}") = "DIP_NotBad", "DIP_NotBad\DIP_NotBad.csproj", "{7DFABA01-878E-4C5C-8240-2D42775323E2}"
EndProject
Global
	GlobalSection(SolutionConfigurationPlatforms) = preSolution
		Debug|Any CPU = Debug|Any CPU
		Release|Any CPU = Release|Any CPU
	EndGlobalSection
	GlobalSection(ProjectConfigurationPlatforms) = postSolution
		{7C6C6E8D-15A8-4C79-A081-CE1E1F829D34}.Debug|Any CPU.ActiveCfg = Debug|Any CPU
		{7C6C6E8D-15A8-4C79-A081-CE1E1F829D34}.Debug|Any CPU.Build.0 = Debug|Any CPU
		{7C6C6E8D-15A8-4C79-A081-CE1E1F829D34}.Release|Any CPU.ActiveCfg = Release|Any CPU
		{7C6C6E8D-15A8-4C79-A081-CE1E1F829D34}.Release|Any CPU.Build.0 = Release|Any CPU
		{17B7CD72-9BFE-479A-BA4F-CB824032DB3F}.Debug|Any CPU.ActiveCfg = Debug|Any CPU
		{17B7CD72-9BFE-479A-BA4F-CB824032DB3F}.Debug|Any CPU.Build.0 = Debug|Any CPU
		{17B7CD72-9BFE-479A-BA4F-CB824032DB3F}.Release|Any CPU.ActiveCfg = Release|Any CPU
		{17B7CD72-9BFE-479A-BA4F-CB824032DB3F}.Release|Any CPU.Build.0 = Release|Any CPU
		{C645B40D-8E4B-44A6-A78D-66078F1B01BB}.Debug|Any CPU.ActiveCfg = Debug|Any CPU
		{C645B40D-8E4B-44A6-A78D-66078F1B01BB}.Debug|Any CPU.Build.0 = Debug|Any CPU
		{C645B40D-8E4B-44A6-A78D-66078F1B01BB}.Release|Any CPU.ActiveCfg = Release|Any CPU
		{C645B40D-8E4B-44A6-A78D-66078F1B01BB}.Release|Any CPU.Build.0 = Release|Any CPU
		{30DDC22C-678D-4B47-AE60-DEC43E16F202}.Debug|Any CPU.ActiveCfg = Debug|Any CPU
		{30DDC22C-678D-4B47-AE60-DEC43E16F202}.Debug|Any CPU.Build.0 = Debug|Any CPU
		{30DDC22C-678D-4B47-AE60-DEC43E16F202}.Release|Any CPU.ActiveCfg = Release|Any CPU
		{30DDC22C-678D-4B47-AE60-DEC43E16F202}.Release|Any CPU.Build.0 = Release|Any CPU
		{AD9502C3-8778-400B-A4B4-19AB69E1BA66}.Debug|Any CPU.ActiveCfg = Debug|Any CPU
		{AD9502C3-8778-400B-A4B4-19AB69E1BA66}.Debug|Any CPU.Build.0 = Debug|Any CPU
		{AD9502C3-8778-400B-A4B4-19AB69E1BA66}.Release|Any CPU.ActiveCfg = Release|Any CPU
		{AD9502C3-8778-400B-A4B4-19AB69E1BA66}.Release|Any CPU.Build.0 = Release|Any CPU
		{65346AB1-14E8-496C-810A-757D8BDCF86C}.Debug|Any CPU.ActiveCfg = Debug|Any CPU
		{65346AB1-14E8-496C-810A-757D8BDCF86C}.Debug|Any CPU.Build.0 = Debug|Any CPU
		{65346AB1-14E8-496C-810A-757D8BDCF86C}.Release|Any CPU.ActiveCfg = Release|Any CPU
		{65346AB1-14E8-496C-810A-757D8BDCF86C}.Release|Any CPU.Build.0 = Release|Any CPU
		{DDBF687D-29C1-4636-84FE-D90F40F60684}.Debug|Any CPU.ActiveCfg = Debug|Any CPU
		{DDBF687D-29C1-4636-84FE-D90F40F60684}.Debug|Any CPU.Build.0 = Debug|Any CPU
		{DDBF687D-29C1-4636-84FE-D90F40F60684}.Release|Any CPU.ActiveCfg = Release|Any CPU
		{DDBF687D-29C1-4636-84FE-D90F40F60684}.Release|Any CPU.Build.0 = Release|Any CPU
		{485722E5-FC8C-4A8C-B21F-43D8EF98487D}.Debug|Any CPU.ActiveCfg = Debug|Any CPU
		{485722E5-FC8C-4A8C-B21F-43D8EF98487D}.Debug|Any CPU.Build.0 = Debug|Any CPU
		{485722E5-FC8C-4A8C-B21F-43D8EF98487D}.Release|Any CPU.ActiveCfg = Release|Any CPU
		{485722E5-FC8C-4A8C-B21F-43D8EF98487D}.Release|Any CPU.Build.0 = Release|Any CPU
		{59E18125-1550-4D43-BA7D-75C4928FAB66}.Debug|Any CPU.ActiveCfg = Debug|Any CPU
		{59E18125-1550-4D43-BA7D-75C4928FAB66}.Debug|Any CPU.Build.0 = Debug|Any CPU
		{59E18125-1550-4D43-BA7D-75C4928FAB66}.Release|Any CPU.ActiveCfg = Release|Any CPU
		{59E18125-1550-4D43-BA7D-75C4928FAB66}.Release|Any CPU.Build.0 = Release|Any CPU
		{7DFABA01-878E-4C5C-8240-2D42775323E2}.Debug|Any CPU.ActiveCfg = Debug|Any CPU
		{7DFABA01-878E-4C5C-8240-2D42775323E2}.Debug|Any CPU.Build.0 = Debug|Any CPU
		{7DFABA01-878E-4C5C-8240-2D42775323E2}.Release|Any CPU.ActiveCfg = Release|Any CPU
		{7DFABA01-878E-4C5C-8240-2D42775323E2}.Release|Any CPU.Build.0 = Release|Any CPU
	EndGlobalSection
	GlobalSection(SolutionProperties) = preSolution
		HideSolutionNode = FALSE
	EndGlobalSection
	GlobalSection(NestedProjects) = preSolution
		{7C6C6E8D-15A8-4C79-A081-CE1E1F829D34} = {335F781F-6877-4764-A04A-FBE1D364929B}
		{17B7CD72-9BFE-479A-BA4F-CB824032DB3F} = {335F781F-6877-4764-A04A-FBE1D364929B}
		{C645B40D-8E4B-44A6-A78D-66078F1B01BB} = {286C798F-BA75-48AD-AD25-178A02DBAF2C}
		{30DDC22C-678D-4B47-AE60-DEC43E16F202} = {286C798F-BA75-48AD-AD25-178A02DBAF2C}
		{AD9502C3-8778-400B-A4B4-19AB69E1BA66} = {E3DCE9DB-D367-4E3E-8F2A-DEC0693D47D4}
		{65346AB1-14E8-496C-810A-757D8BDCF86C} = {E3DCE9DB-D367-4E3E-8F2A-DEC0693D47D4}
		{DDBF687D-29C1-4636-84FE-D90F40F60684} = {19039BAD-9484-4387-8DF5-ECA5E05C9CDB}
		{485722E5-FC8C-4A8C-B21F-43D8EF98487D} = {19039BAD-9484-4387-8DF5-ECA5E05C9CDB}
		{59E18125-1550-4D43-BA7D-75C4928FAB66} = {47D46BBC-10CF-4F28-BA85-1C5007C4AF13}
		{7DFABA01-878E-4C5C-8240-2D42775323E2} = {47D46BBC-10CF-4F28-BA85-1C5007C4AF13}
	EndGlobalSection
	GlobalSection(ExtensibilityGlobals) = postSolution
		SolutionGuid = {99BC81F1-1CA9-4A79-9BD7-1A86E924DD03}
	EndGlobalSection
EndGlobal
